
Microsoft Visual Studio Solution File, Format Version 12.00
# Visual Studio 15
VisualStudioVersion = 15.0.28307.489
MinimumVisualStudioVersion = 10.0.40219.1
Project("{FAE04EC0-301F-11D3-BF4B-00C04F79EFBC}") = "Attraction_Tycoon_ASPNET", "Attraction_Tycoon_ASPNET\Attraction_Tycoon_ASPNET.csproj", "{B720EE5D-00EC-4CFD-ACC7-EFDC23CEA590}"
EndProject
Global
	GlobalSection(SolutionConfigurationPlatforms) = preSolution
		Debug|Any CPU = Debug|Any CPU
		Release|Any CPU = Release|Any CPU
	EndGlobalSection
	GlobalSection(ProjectConfigurationPlatforms) = postSolution
		{B720EE5D-00EC-4CFD-ACC7-EFDC23CEA590}.Debug|Any CPU.ActiveCfg = Debug|Any CPU
		{B720EE5D-00EC-4CFD-ACC7-EFDC23CEA590}.Debug|Any CPU.Build.0 = Debug|Any CPU
		{B720EE5D-00EC-4CFD-ACC7-EFDC23CEA590}.Release|Any CPU.ActiveCfg = Release|Any CPU
		{B720EE5D-00EC-4CFD-ACC7-EFDC23CEA590}.Release|Any CPU.Build.0 = Release|Any CPU
	EndGlobalSection
	GlobalSection(SolutionProperties) = preSolution
		HideSolutionNode = FALSE
	EndGlobalSection
	GlobalSection(ExtensibilityGlobals) = postSolution
		SolutionGuid = {F7EB033D-4634-4718-960F-616E00101C76}
	EndGlobalSection
EndGlobal
